// !$*UTF8*$!
{
	archiveVersion = 1;
	classes = {
	};
	objectVersion = 46;
	objects = {

/* Begin PBXBuildFile section */
		B7B131E315F8F0880018640E /* UIKit.framework in Frameworks */ = {isa = PBXBuildFile; fileRef = B7B131E215F8F0880018640E /* UIKit.framework */; };
		B7B131E515F8F0880018640E /* Foundation.framework in Frameworks */ = {isa = PBXBuildFile; fileRef = B7B131E415F8F0880018640E /* Foundation.framework */; };
		B7B131E715F8F0880018640E /* CoreGraphics.framework in Frameworks */ = {isa = PBXBuildFile; fileRef = B7B131E615F8F0880018640E /* CoreGraphics.framework */; };
		B7B131ED15F8F0880018640E /* InfoPlist.strings in Resources */ = {isa = PBXBuildFile; fileRef = B7B131EB15F8F0880018640E /* InfoPlist.strings */; };
		B7B131EF15F8F0890018640E /* main.m in Sources */ = {isa = PBXBuildFile; fileRef = B7B131EE15F8F0890018640E /* main.m */; };
		B7B131F315F8F0890018640E /* CalculatorAppDelegate.m in Sources */ = {isa = PBXBuildFile; fileRef = B7B131F215F8F0890018640E /* CalculatorAppDelegate.m */; };
		B7B131F615F8F0890018640E /* MainStoryboard.storyboard in Resources */ = {isa = PBXBuildFile; fileRef = B7B131F415F8F0890018640E /* MainStoryboard.storyboard */; };
		B7B131F915F8F0890018640E /* CalculatorViewController.m in Sources */ = {isa = PBXBuildFile; fileRef = B7B131F815F8F0890018640E /* CalculatorViewController.m */; };
		B7B1320515F908F10018640E /* CalculatorBrain.m in Sources */ = {isa = PBXBuildFile; fileRef = B7B1320415F908F10018640E /* CalculatorBrain.m */; };
/* End PBXBuildFile section */

/* Begin PBXFileReference section */
		B7B131DE15F8F0880018640E /* Calculator.app */ = {isa = PBXFileReference; explicitFileType = wrapper.application; includeInIndex = 0; path = Calculator.app; sourceTree = BUILT_PRODUCTS_DIR; };
		B7B131E215F8F0880018640E /* UIKit.framework */ = {isa = PBXFileReference; lastKnownFileType = wrapper.framework; name = UIKit.framework; path = System/Library/Frameworks/UIKit.framework; sourceTree = SDKROOT; };
		B7B131E415F8F0880018640E /* Foundation.framework */ = {isa = PBXFileReference; lastKnownFileType = wrapper.framework; name = Foundation.framework; path = System/Library/Frameworks/Foundation.framework; sourceTree = SDKROOT; };
		B7B131E615F8F0880018640E /* CoreGraphics.framework */ = {isa = PBXFileReference; lastKnownFileType = wrapper.framework; name = CoreGraphics.framework; path = System/Library/Frameworks/CoreGraphics.framework; sourceTree = SDKROOT; };
		B7B131EA15F8F0880018640E /* Calculator-Info.plist */ = {isa = PBXFileReference; lastKnownFileType = text.plist.xml; path = "Calculator-Info.plist"; sourceTree = "<group>"; };
		B7B131EC15F8F0880018640E /* en */ = {isa = PBXFileReference; lastKnownFileType = text.plist.strings; name = en; path = en.lproj/InfoPlist.strings; sourceTree = "<group>"; };
		B7B131EE15F8F0890018640E /* main.m */ = {isa = PBXFileReference; lastKnownFileType = sourcecode.c.objc; path = main.m; sourceTree = "<group>"; };
		B7B131F015F8F0890018640E /* Calculator-Prefix.pch */ = {isa = PBXFileReference; lastKnownFileType = sourcecode.c.h; path = "Calculator-Prefix.pch"; sourceTree = "<group>"; };
		B7B131F115F8F0890018640E /* CalculatorAppDelegate.h */ = {isa = PBXFileReference; lastKnownFileType = sourcecode.c.h; path = CalculatorAppDelegate.h; sourceTree = "<group>"; };
		B7B131F215F8F0890018640E /* CalculatorAppDelegate.m */ = {isa = PBXFileReference; lastKnownFileType = sourcecode.c.objc; path = CalculatorAppDelegate.m; sourceTree = "<group>"; };
		B7B131F515F8F0890018640E /* en */ = {isa = PBXFileReference; lastKnownFileType = file.storyboard; name = en; path = en.lproj/MainStoryboard.storyboard; sourceTree = "<group>"; };
		B7B131F715F8F0890018640E /* CalculatorViewController.h */ = {isa = PBXFileReference; lastKnownFileType = sourcecode.c.h; path = CalculatorViewController.h; sourceTree = "<group>"; };
		B7B131F815F8F0890018640E /* CalculatorViewController.m */ = {isa = PBXFileReference; lastKnownFileType = sourcecode.c.objc; path = CalculatorViewController.m; sourceTree = "<group>"; };
		B7B1320315F908F10018640E /* CalculatorBrain.h */ = {isa = PBXFileReference; fileEncoding = 4; lastKnownFileType = sourcecode.c.h; path = CalculatorBrain.h; sourceTree = "<group>"; };
		B7B1320415F908F10018640E /* CalculatorBrain.m */ = {isa = PBXFileReference; fileEncoding = 4; lastKnownFileType = sourcecode.c.objc; path = CalculatorBrain.m; sourceTree = "<group>"; };
/* End PBXFileReference section */

/* Begin PBXFrameworksBuildPhase section */
		B7B131DB15F8F0880018640E /* Frameworks */ = {
			isa = PBXFrameworksBuildPhase;
			buildActionMask = 2147483647;
			files = (
				B7B131E315F8F0880018640E /* UIKit.framework in Frameworks */,
				B7B131E515F8F0880018640E /* Foundation.framework in Frameworks */,
				B7B131E715F8F0880018640E /* CoreGraphics.framework in Frameworks */,
			);
			runOnlyForDeploymentPostprocessing = 0;
		};
/* End PBXFrameworksBuildPhase section */

/* Begin PBXGroup section */
		B7B131D315F8F0880018640E = {
			isa = PBXGroup;
			children = (
				B7B131E815F8F0880018640E /* Calculator */,
				B7B131E115F8F0880018640E /* Frameworks */,
				B7B131DF15F8F0880018640E /* Products */,
			);
			sourceTree = "<group>";
		};
		B7B131DF15F8F0880018640E /* Products */ = {
			isa = PBXGroup;
			children = (
				B7B131DE15F8F0880018640E /* Calculator.app */,
			);
			name = Products;
			sourceTree = "<group>";
		};
		B7B131E115F8F0880018640E /* Frameworks */ = {
			isa = PBXGroup;
			children = (
				B7B131E215F8F0880018640E /* UIKit.framework */,
				B7B131E415F8F0880018640E /* Foundation.framework */,
				B7B131E615F8F0880018640E /* CoreGraphics.framework */,
			);
			name = Frameworks;
			sourceTree = "<group>";
		};
		B7B131E815F8F0880018640E /* Calculator */ = {
			isa = PBXGroup;
			children = (
				B7B1320315F908F10018640E /* CalculatorBrain.h */,
				B7B1320415F908F10018640E /* CalculatorBrain.m */,
				B7B131F115F8F0890018640E /* CalculatorAppDelegate.h */,
				B7B131F215F8F0890018640E /* CalculatorAppDelegate.m */,
				B7B131F415F8F0890018640E /* MainStoryboard.storyboard */,
				B7B131F715F8F0890018640E /* CalculatorViewController.h */,
				B7B131F815F8F0890018640E /* CalculatorViewController.m */,
				B7B131E915F8F0880018640E /* Supporting Files */,
			);
			path = Calculator;
			sourceTree = "<group>";
		};
		B7B131E915F8F0880018640E /* Supporting Files */ = {
			isa = PBXGroup;
			children = (
				B7B131EA15F8F0880018640E /* Calculator-Info.plist */,
				B7B131EB15F8F0880018640E /* InfoPlist.strings */,
				B7B131EE15F8F0890018640E /* main.m */,
				B7B131F015F8F0890018640E /* Calculator-Prefix.pch */,
			);
			name = "Supporting Files";
			sourceTree = "<group>";
		};
/* End PBXGroup section */

/* Begin PBXNativeTarget section */
		B7B131DD15F8F0880018640E /* Calculator */ = {
			isa = PBXNativeTarget;
			buildConfigurationList = B7B131FC15F8F0890018640E /* Build configuration list for PBXNativeTarget "Calculator" */;
			buildPhases = (
				B7B131DA15F8F0880018640E /* Sources */,
				B7B131DB15F8F0880018640E /* Frameworks */,
				B7B131DC15F8F0880018640E /* Resources */,
			);
			buildRules = (
			);
			dependencies = (
			);
			name = Calculator;
			productName = Calculator;
			productReference = B7B131DE15F8F0880018640E /* Calculator.app */;
			productType = "com.apple.product-type.application";
		};
/* End PBXNativeTarget section */

/* Begin PBXProject section */
		B7B131D515F8F0880018640E /* Project object */ = {
			isa = PBXProject;
			attributes = {
				CLASSPREFIX = Calculator;
				LastUpgradeCheck = 0430;
			};
			buildConfigurationList = B7B131D815F8F0880018640E /* Build configuration list for PBXProject "Calculator" */;
			compatibilityVersion = "Xcode 3.2";
			developmentRegion = English;
			hasScannedForEncodings = 0;
			knownRegions = (
				en,
			);
			mainGroup = B7B131D315F8F0880018640E;
			productRefGroup = B7B131DF15F8F0880018640E /* Products */;
			projectDirPath = "";
			projectRoot = "";
			targets = (
				B7B131DD15F8F0880018640E /* Calculator */,
			);
		};
/* End PBXProject section */

/* Begin PBXResourcesBuildPhase section */
		B7B131DC15F8F0880018640E /* Resources */ = {
			isa = PBXResourcesBuildPhase;
			buildActionMask = 2147483647;
			files = (
				B7B131ED15F8F0880018640E /* InfoPlist.strings in Resources */,
				B7B131F615F8F0890018640E /* MainStoryboard.storyboard in Resources */,
			);
			runOnlyForDeploymentPostprocessing = 0;
		};
/* End PBXResourcesBuildPhase section */

/* Begin PBXSourcesBuildPhase section */
		B7B131DA15F8F0880018640E /* Sources */ = {
			isa = PBXSourcesBuildPhase;
			buildActionMask = 2147483647;
			files = (
				B7B131EF15F8F0890018640E /* main.m in Sources */,
				B7B131F315F8F0890018640E /* CalculatorAppDelegate.m in Sources */,
				B7B131F915F8F0890018640E /* CalculatorViewController.m in Sources */,
				B7B1320515F908F10018640E /* CalculatorBrain.m in Sources */,
			);
			runOnlyForDeploymentPostprocessing = 0;
		};
/* End PBXSourcesBuildPhase section */

/* Begin PBXVariantGroup section */
		B7B131EB15F8F0880018640E /* InfoPlist.strings */ = {
			isa = PBXVariantGroup;
			children = (
				B7B131EC15F8F0880018640E /* en */,
			);
			name = InfoPlist.strings;
			sourceTree = "<group>";
		};
		B7B131F415F8F0890018640E /* MainStoryboard.storyboard */ = {
			isa = PBXVariantGroup;
			children = (
				B7B131F515F8F0890018640E /* en */,
			);
			name = MainStoryboard.storyboard;
			sourceTree = "<group>";
		};
/* End PBXVariantGroup section */

/* Begin XCBuildConfiguration section */
		B7B131FA15F8F0890018640E /* Debug */ = {
			isa = XCBuildConfiguration;
			buildSettings = {
				ALWAYS_SEARCH_USER_PATHS = NO;
				ARCHS = "$(ARCHS_STANDARD_32_BIT)";
				CLANG_ENABLE_OBJC_ARC = YES;
				"CODE_SIGN_IDENTITY[sdk=iphoneos*]" = "iPhone Developer";
				COPY_PHASE_STRIP = NO;
				GCC_C_LANGUAGE_STANDARD = gnu99;
				GCC_DYNAMIC_NO_PIC = NO;
				GCC_OPTIMIZATION_LEVEL = 0;
				GCC_PREPROCESSOR_DEFINITIONS = (
					"DEBUG=1",
					"$(inherited)",
				);
				GCC_SYMBOLS_PRIVATE_EXTERN = NO;
				GCC_VERSION = com.apple.compilers.llvm.clang.1_0;
				GCC_WARN_ABOUT_RETURN_TYPE = YES;
				GCC_WARN_UNINITIALIZED_AUTOS = YES;
				GCC_WARN_UNUSED_VARIABLE = YES;
				IPHONEOS_DEPLOYMENT_TARGET = 5.1;
				SDKROOT = iphoneos;
			};
			name = Debug;
		};
		B7B131FB15F8F0890018640E /* Release */ = {
			isa = XCBuildConfiguration;
			buildSettings = {
				ALWAYS_SEARCH_USER_PATHS = NO;
				ARCHS = "$(ARCHS_STANDARD_32_BIT)";
				CLANG_ENABLE_OBJC_ARC = YES;
				"CODE_SIGN_IDENTITY[sdk=iphoneos*]" = "iPhone Developer";
				COPY_PHASE_STRIP = YES;
				GCC_C_LANGUAGE_STANDARD = gnu99;
				GCC_VERSION = com.apple.compilers.llvm.clang.1_0;
				GCC_WARN_ABOUT_RETURN_TYPE = YES;
				GCC_WARN_UNINITIALIZED_AUTOS = YES;
				GCC_WARN_UNUSED_VARIABLE = YES;
				IPHONEOS_DEPLOYMENT_TARGET = 5.1;
				OTHER_CFLAGS = "-DNS_BLOCK_ASSERTIONS=1";
				SDKROOT = iphoneos;
				VALIDATE_PRODUCT = YES;
			};
			name = Release;
		};
		B7B131FD15F8F0890018640E /* Debug */ = {
			isa = XCBuildConfiguration;
			buildSettings = {
				GCC_PRECOMPILE_PREFIX_HEADER = YES;
				GCC_PREFIX_HEADER = "Calculator/Calculator-Prefix.pch";
				INFOPLIST_FILE = "Calculator/Calculator-Info.plist";
				PRODUCT_NAME = "$(TARGET_NAME)";
				WRAPPER_EXTENSION = app;
			};
			name = Debug;
		};
		B7B131FE15F8F0890018640E /* Release */ = {
			isa = XCBuildConfiguration;
			buildSettings = {
				GCC_PRECOMPILE_PREFIX_HEADER = YES;
				GCC_PREFIX_HEADER = "Calculator/Calculator-Prefix.pch";
				INFOPLIST_FILE = "Calculator/Calculator-Info.plist";
				PRODUCT_NAME = "$(TARGET_NAME)";
				WRAPPER_EXTENSION = app;
			};
			name = Release;
		};
/* End XCBuildConfiguration section */

/* Begin XCConfigurationList section */
		B7B131D815F8F0880018640E /* Build configuration list for PBXProject "Calculator" */ = {
			isa = XCConfigurationList;
			buildConfigurations = (
				B7B131FA15F8F0890018640E /* Debug */,
				B7B131FB15F8F0890018640E /* Release */,
			);
			defaultConfigurationIsVisible = 0;
			defaultConfigurationName = Release;
		};
		B7B131FC15F8F0890018640E /* Build configuration list for PBXNativeTarget "Calculator" */ = {
			isa = XCConfigurationList;
			buildConfigurations = (
				B7B131FD15F8F0890018640E /* Debug */,
				B7B131FE15F8F0890018640E /* Release */,
			);
			defaultConfigurationIsVisible = 0;
			defaultConfigurationName = Release;
		};
/* End XCConfigurationList section */
	};
	rootObject = B7B131D515F8F0880018640E /* Project object */;
}
